
Microsoft Visual Studio Solution File, Format Version 12.00
# Visual Studio 14
VisualStudioVersion = 14.0.25420.1
MinimumVisualStudioVersion = 10.0.40219.1
Project("{FAE04EC0-301F-11D3-BF4B-00C04F79EFBC}") = "DWGChallengeSimpleDarts", "DWGChallengeSimpleDarts\DWGChallengeSimpleDarts.csproj", "{735099CE-4FE7-4147-9E0B-20BB1B822139}"
EndProject
Project("{FAE04EC0-301F-11D3-BF4B-00C04F79EFBC}") = "Darts", "Darts\Darts.csproj", "{9AB3D1E0-E512-4764-848D-0327BD48ED2E}"
EndProject
Global
	GlobalSection(SolutionConfigurationPlatforms) = preSolution
		Debug|Any CPU = Debug|Any CPU
		Release|Any CPU = Release|Any CPU
	EndGlobalSection
	GlobalSection(ProjectConfigurationPlatforms) = postSolution
		{735099CE-4FE7-4147-9E0B-20BB1B822139}.Debug|Any CPU.ActiveCfg = Debug|Any CPU
		{735099CE-4FE7-4147-9E0B-20BB1B822139}.Debug|Any CPU.Build.0 = Debug|Any CPU
		{735099CE-4FE7-4147-9E0B-20BB1B822139}.Release|Any CPU.ActiveCfg = Release|Any CPU
		{735099CE-4FE7-4147-9E0B-20BB1B822139}.Release|Any CPU.Build.0 = Release|Any CPU
		{9AB3D1E0-E512-4764-848D-0327BD48ED2E}.Debug|Any CPU.ActiveCfg = Debug|Any CPU
		{9AB3D1E0-E512-4764-848D-0327BD48ED2E}.Debug|Any CPU.Build.0 = Debug|Any CPU
		{9AB3D1E0-E512-4764-848D-0327BD48ED2E}.Release|Any CPU.ActiveCfg = Release|Any CPU
		{9AB3D1E0-E512-4764-848D-0327BD48ED2E}.Release|Any CPU.Build.0 = Release|Any CPU
	EndGlobalSection
	GlobalSection(SolutionProperties) = preSolution
		HideSolutionNode = FALSE
	EndGlobalSection
EndGlobal
